
Microsoft Visual Studio Solution File, Format Version 12.00
Project("{FAE04EC0-301F-11D3-BF4B-00C04F79EFBC}") = "SleepRemote", "SleepRemote\SleepRemote.csproj", "{F8201896-CDCC-4793-9D43-F9C3E015804F}"
EndProject
Global
	GlobalSection(SolutionConfigurationPlatforms) = preSolution
		Debug|Any CPU = Debug|Any CPU
		Release|Any CPU = Release|Any CPU
	EndGlobalSection
	GlobalSection(ProjectConfigurationPlatforms) = postSolution
		{F8201896-CDCC-4793-9D43-F9C3E015804F}.Debug|Any CPU.ActiveCfg = Debug|Any CPU
		{F8201896-CDCC-4793-9D43-F9C3E015804F}.Debug|Any CPU.Build.0 = Debug|Any CPU
		{F8201896-CDCC-4793-9D43-F9C3E015804F}.Release|Any CPU.ActiveCfg = Release|Any CPU
		{F8201896-CDCC-4793-9D43-F9C3E015804F}.Release|Any CPU.Build.0 = Release|Any CPU
	EndGlobalSection
EndGlobal
